
Microsoft Visual Studio Solution File, Format Version 12.00
# Visual Studio Version 17
VisualStudioVersion = 17.8.34525.116
MinimumVisualStudioVersion = 10.0.40219.1
Project("{FAE04EC0-301F-11D3-BF4B-00C04F79EFBC}") = "TIENDA_APP", "TIENDA_APP\TIENDA_APP.csproj", "{CD1C11D4-0427-4BD4-8B8B-717938DCE5DF}"
EndProject
Global
	GlobalSection(SolutionConfigurationPlatforms) = preSolution
		Debug|Any CPU = Debug|Any CPU
		Release|Any CPU = Release|Any CPU
	EndGlobalSection
	GlobalSection(ProjectConfigurationPlatforms) = postSolution
		{CD1C11D4-0427-4BD4-8B8B-717938DCE5DF}.Debug|Any CPU.ActiveCfg = Debug|Any CPU
		{CD1C11D4-0427-4BD4-8B8B-717938DCE5DF}.Debug|Any CPU.Build.0 = Debug|Any CPU
		{CD1C11D4-0427-4BD4-8B8B-717938DCE5DF}.Debug|Any CPU.Deploy.0 = Debug|Any CPU
		{CD1C11D4-0427-4BD4-8B8B-717938DCE5DF}.Release|Any CPU.ActiveCfg = Release|Any CPU
		{CD1C11D4-0427-4BD4-8B8B-717938DCE5DF}.Release|Any CPU.Build.0 = Release|Any CPU
		{CD1C11D4-0427-4BD4-8B8B-717938DCE5DF}.Release|Any CPU.Deploy.0 = Release|Any CPU
	EndGlobalSection
	GlobalSection(SolutionProperties) = preSolution
		HideSolutionNode = FALSE
	EndGlobalSection
	GlobalSection(ExtensibilityGlobals) = postSolution
		SolutionGuid = {4CE9F4C5-D6A6-4912-9D3D-E1D3F622929C}
	EndGlobalSection
EndGlobal
